{
  "version": 4,
  "terraform_version": "1.4.6",
  "serial": 36,
  "lineage": "fa7ac79d-8a3a-91cd-8f5a-5cfaf5885ec4",
  "outputs": {
    "ec2_det": {
      "value": [
        "i-02467227096337e7a",
        "i-032f8caa6ba9b3a67"
      ],
      "type": [
        "tuple",
        [
          "string",
          "string"
        ]
      ]
    }
  },
  "resources": [
    {
      "mode": "managed",
      "type": "aws_instance",
      "name": "ec2",
      "provider": "provider[\"registry.terraform.io/hashicorp/aws\"]",
      "instances": [
        {
          "index_key": "web1",
          "schema_version": 1,
          "attributes": {
            "ami": "ami-007855ac798b5175e",
            "arn": "arn:aws:ec2:us-east-1:080916090676:instance/i-02467227096337e7a",
            "associate_public_ip_address": true,
            "availability_zone": "us-east-1b",
            "capacity_reservation_specification": [
              {
                "capacity_reservation_preference": "open",
                "capacity_reservation_target": []
              }
            ],
            "cpu_core_count": 1,
            "cpu_options": [
              {
                "amd_sev_snp": "",
                "core_count": 1,
                "threads_per_core": 1
              }
            ],
            "cpu_threads_per_core": 1,
            "credit_specification": [
              {
                "cpu_credits": "standard"
              }
            ],
            "disable_api_stop": false,
            "disable_api_termination": false,
            "ebs_block_device": [],
            "ebs_optimized": false,
            "enclave_options": [
              {
                "enabled": false
              }
            ],
            "ephemeral_block_device": [],
            "get_password_data": false,
            "hibernation": false,
            "host_id": "",
            "host_resource_group_arn": null,
            "iam_instance_profile": "",
            "id": "i-02467227096337e7a",
            "instance_initiated_shutdown_behavior": "stop",
            "instance_state": "running",
            "instance_type": "t2.micro",
            "ipv6_address_count": 0,
            "ipv6_addresses": [],
            "key_name": "non-prod",
            "launch_template": [],
            "maintenance_options": [
              {
                "auto_recovery": "default"
              }
            ],
            "metadata_options": [
              {
                "http_endpoint": "enabled",
                "http_put_response_hop_limit": 1,
                "http_tokens": "optional",
                "instance_metadata_tags": "disabled"
              }
            ],
            "monitoring": false,
            "network_interface": [],
            "outpost_arn": "",
            "password_data": "",
            "placement_group": "",
            "placement_partition_number": 0,
            "primary_network_interface_id": "eni-02245f3c09b74dab6",
            "private_dns": "ip-172-31-94-24.ec2.internal",
            "private_dns_name_options": [
              {
                "enable_resource_name_dns_a_record": false,
                "enable_resource_name_dns_aaaa_record": false,
                "hostname_type": "ip-name"
              }
            ],
            "private_ip": "172.31.94.24",
            "public_dns": "ec2-54-226-67-119.compute-1.amazonaws.com",
            "public_ip": "54.226.67.119",
            "root_block_device": [
              {
                "delete_on_termination": true,
                "device_name": "/dev/sda1",
                "encrypted": false,
                "iops": 100,
                "kms_key_id": "",
                "tags": {},
                "throughput": 0,
                "volume_id": "vol-0735fc0f27e828a32",
                "volume_size": 8,
                "volume_type": "gp2"
              }
            ],
            "secondary_private_ips": [],
            "security_groups": [
              "default"
            ],
            "source_dest_check": true,
            "subnet_id": "subnet-0281ddfd97109c76c",
            "tags": {
              "Name": "ami-007855ac798b5175e_t2.micro"
            },
            "tags_all": {
              "Name": "ami-007855ac798b5175e_t2.micro"
            },
            "tenancy": "default",
            "timeouts": null,
            "user_data": "3ebf163a42baf7a10ce84ddd9add2dc48f04ce13",
            "user_data_base64": null,
            "user_data_replace_on_change": false,
            "volume_tags": null,
            "vpc_security_group_ids": [
              "sg-0251c591e835254bf"
            ]
          },
          "sensitive_attributes": [],
          "private": "eyJlMmJmYjczMC1lY2FhLTExZTYtOGY4OC0zNDM2M2JjN2M0YzAiOnsiY3JlYXRlIjo2MDAwMDAwMDAwMDAsImRlbGV0ZSI6MTIwMDAwMDAwMDAwMCwidXBkYXRlIjo2MDAwMDAwMDAwMDB9LCJzY2hlbWFfdmVyc2lvbiI6IjEifQ==",
          "dependencies": [
            "aws_key_pair.kp"
          ]
        },
        {
          "index_key": "web2",
          "schema_version": 1,
          "attributes": {
            "ami": "ami-007855ac798b5175e",
            "arn": "arn:aws:ec2:us-east-1:080916090676:instance/i-032f8caa6ba9b3a67",
            "associate_public_ip_address": true,
            "availability_zone": "us-east-1b",
            "capacity_reservation_specification": [
              {
                "capacity_reservation_preference": "open",
                "capacity_reservation_target": []
              }
            ],
            "cpu_core_count": 1,
            "cpu_options": [
              {
                "amd_sev_snp": "",
                "core_count": 1,
                "threads_per_core": 1
              }
            ],
            "cpu_threads_per_core": 1,
            "credit_specification": [
              {
                "cpu_credits": "standard"
              }
            ],
            "disable_api_stop": false,
            "disable_api_termination": false,
            "ebs_block_device": [],
            "ebs_optimized": false,
            "enclave_options": [
              {
                "enabled": false
              }
            ],
            "ephemeral_block_device": [],
            "get_password_data": false,
            "hibernation": false,
            "host_id": "",
            "host_resource_group_arn": null,
            "iam_instance_profile": "",
            "id": "i-032f8caa6ba9b3a67",
            "instance_initiated_shutdown_behavior": "stop",
            "instance_state": "running",
            "instance_type": "t2.micro",
            "ipv6_address_count": 0,
            "ipv6_addresses": [],
            "key_name": "non-prod",
            "launch_template": [],
            "maintenance_options": [
              {
                "auto_recovery": "default"
              }
            ],
            "metadata_options": [
              {
                "http_endpoint": "enabled",
                "http_put_response_hop_limit": 1,
                "http_tokens": "optional",
                "instance_metadata_tags": "disabled"
              }
            ],
            "monitoring": false,
            "network_interface": [],
            "outpost_arn": "",
            "password_data": "",
            "placement_group": "",
            "placement_partition_number": 0,
            "primary_network_interface_id": "eni-0e15ab9cfdf82b78d",
            "private_dns": "ip-172-31-92-59.ec2.internal",
            "private_dns_name_options": [
              {
                "enable_resource_name_dns_a_record": false,
                "enable_resource_name_dns_aaaa_record": false,
                "hostname_type": "ip-name"
              }
            ],
            "private_ip": "172.31.92.59",
            "public_dns": "ec2-44-210-140-53.compute-1.amazonaws.com",
            "public_ip": "44.210.140.53",
            "root_block_device": [
              {
                "delete_on_termination": true,
                "device_name": "/dev/sda1",
                "encrypted": false,
                "iops": 100,
                "kms_key_id": "",
                "tags": {},
                "throughput": 0,
                "volume_id": "vol-0f750ff3b0fc73bdf",
                "volume_size": 8,
                "volume_type": "gp2"
              }
            ],
            "secondary_private_ips": [],
            "security_groups": [
              "default"
            ],
            "source_dest_check": true,
            "subnet_id": "subnet-0281ddfd97109c76c",
            "tags": {
              "Name": "ami-007855ac798b5175e_t2.micro"
            },
            "tags_all": {
              "Name": "ami-007855ac798b5175e_t2.micro"
            },
            "tenancy": "default",
            "timeouts": null,
            "user_data": "3ebf163a42baf7a10ce84ddd9add2dc48f04ce13",
            "user_data_base64": null,
            "user_data_replace_on_change": false,
            "volume_tags": null,
            "vpc_security_group_ids": [
              "sg-0251c591e835254bf"
            ]
          },
          "sensitive_attributes": [],
          "private": "eyJlMmJmYjczMC1lY2FhLTExZTYtOGY4OC0zNDM2M2JjN2M0YzAiOnsiY3JlYXRlIjo2MDAwMDAwMDAwMDAsImRlbGV0ZSI6MTIwMDAwMDAwMDAwMCwidXBkYXRlIjo2MDAwMDAwMDAwMDB9LCJzY2hlbWFfdmVyc2lvbiI6IjEifQ==",
          "dependencies": [
            "aws_key_pair.kp"
          ]
        }
      ]
    },
    {
      "mode": "managed",
      "type": "aws_key_pair",
      "name": "kp",
      "provider": "provider[\"registry.terraform.io/hashicorp/aws\"]",
      "instances": [
        {
          "schema_version": 1,
          "attributes": {
            "arn": "arn:aws:ec2:us-east-1:080916090676:key-pair/non-prod",
            "fingerprint": "ec:f8:44:d6:67:8c:39:41:75:23:0b:02:83:3c:fb:ac",
            "id": "non-prod",
            "key_name": "non-prod",
            "key_name_prefix": "",
            "key_pair_id": "key-0c7c41f82ccc14186",
            "key_type": "rsa",
            "public_key": "ssh-rsa AAAAB3NzaC1yc2EAAAADAQABAAABgQCMge4pqinsvvwdw9+y+LDkbRqCwgkMJMHSwxcShex2SSiG0Z61d0O1BESsu/sfRSxPJDVX+G0L9Sfroe73Jdd5zz87vTkEsZoGljGR4p1Y2fDmwpN6rppTQtyZH3jQ8pOvuD0Ty5FcFbvamZEu8RheZntLMTI9aFrx108bAAZXSIbyTOG8ARWq4cay+hYGfmhoHP74gdksnNZfV+A8xJHYIL/Ug4E7iAs4iKFUW2Xd22JoM+GDUBD9EH14iMpHjyw1xL2fOI1Sc6gh5wcONb20tvVQBumB38QGX1BBrkx72nLCB1V1v6e6HgOW5UBR+1w3u8P/yjZDojsugpxwJJYqWvKewrawWOLNVROT1ZA6RwtdGQBajEygzPic23r6sOlIiQuBoNialv2viecTD1Nk0dDdtp7WSeCaw0phr3ui+9K2UssBG7UQ/kasQiVFqGk5fIH4w3CAPOtWIaCxSb3HhxyqlGjZEuQgwsj0l7wHBr0iFAQgS8bR1ErJO7CBNGU= root@ip-172-31-82-126",
            "tags": {
              "Name": "non-prod"
            },
            "tags_all": {
              "Name": "non-prod"
            }
          },
          "sensitive_attributes": [],
          "private": "eyJzY2hlbWFfdmVyc2lvbiI6IjEifQ=="
        }
      ]
    }
  ],
  "check_results": null
}
