{
  "version": 4,
  "terraform_version": "1.4.6",
  "serial": 31,
  "lineage": "fa7ac79d-8a3a-91cd-8f5a-5cfaf5885ec4",
  "outputs": {},
  "resources": [
    {
      "mode": "managed",
      "type": "aws_key_pair",
      "name": "kp",
      "provider": "provider[\"registry.terraform.io/hashicorp/aws\"]",
      "instances": [
        {
          "schema_version": 1,
          "attributes": {
            "arn": "arn:aws:ec2:us-east-1:080916090676:key-pair/terraform-20230518165050305000000001",
            "fingerprint": "ec:f8:44:d6:67:8c:39:41:75:23:0b:02:83:3c:fb:ac",
            "id": "terraform-20230518165050305000000001",
            "key_name": "terraform-20230518165050305000000001",
            "key_name_prefix": "terraform-",
            "key_pair_id": "key-017ef30808c1a4d2c",
            "key_type": "rsa",
            "public_key": "ssh-rsa AAAAB3NzaC1yc2EAAAADAQABAAABgQCMge4pqinsvvwdw9+y+LDkbRqCwgkMJMHSwxcShex2SSiG0Z61d0O1BESsu/sfRSxPJDVX+G0L9Sfroe73Jdd5zz87vTkEsZoGljGR4p1Y2fDmwpN6rppTQtyZH3jQ8pOvuD0Ty5FcFbvamZEu8RheZntLMTI9aFrx108bAAZXSIbyTOG8ARWq4cay+hYGfmhoHP74gdksnNZfV+A8xJHYIL/Ug4E7iAs4iKFUW2Xd22JoM+GDUBD9EH14iMpHjyw1xL2fOI1Sc6gh5wcONb20tvVQBumB38QGX1BBrkx72nLCB1V1v6e6HgOW5UBR+1w3u8P/yjZDojsugpxwJJYqWvKewrawWOLNVROT1ZA6RwtdGQBajEygzPic23r6sOlIiQuBoNialv2viecTD1Nk0dDdtp7WSeCaw0phr3ui+9K2UssBG7UQ/kasQiVFqGk5fIH4w3CAPOtWIaCxSb3HhxyqlGjZEuQgwsj0l7wHBr0iFAQgS8bR1ErJO7CBNGU= root@ip-172-31-82-126",
            "tags": {
              "Name": "non-prod"
            },
            "tags_all": {
              "Name": "non-prod"
            }
          },
          "sensitive_attributes": [],
          "private": "eyJzY2hlbWFfdmVyc2lvbiI6IjEifQ=="
        }
      ]
    }
  ],
  "check_results": null
}
