{
  "version": 4,
  "terraform_version": "1.4.6",
  "serial": 13,
  "lineage": "822fe542-8dc0-042a-b299-5e2347922520",
  "outputs": {
    "repo1_url": {
      "value": "https://github.com/dhananjaypuri/terrform-repo1",
      "type": "string"
    },
    "repo2_url": {
      "value": "https://github.com/dhananjaypuri/terrform-repo2",
      "type": "string"
    }
  },
  "resources": [
    {
      "mode": "managed",
      "type": "github_repository",
      "name": "gitrepo1",
      "provider": "provider[\"registry.terraform.io/hashicorp/github\"]",
      "instances": [
        {
          "schema_version": 1,
          "attributes": {
            "allow_auto_merge": false,
            "allow_merge_commit": true,
            "allow_rebase_merge": true,
            "allow_squash_merge": true,
            "allow_update_branch": false,
            "archive_on_destroy": null,
            "archived": false,
            "auto_init": true,
            "default_branch": "main",
            "delete_branch_on_merge": false,
            "description": "Repository created by terraform",
            "etag": "W/\"51c3a549deca1c67696730bf8c23c96ddb818fe7dada4bb61bccb47ec304758a\"",
            "full_name": "dhananjaypuri/terrform-repo1",
            "git_clone_url": "git://github.com/dhananjaypuri/terrform-repo1.git",
            "gitignore_template": null,
            "has_discussions": false,
            "has_downloads": false,
            "has_issues": false,
            "has_projects": false,
            "has_wiki": false,
            "homepage_url": "",
            "html_url": "https://github.com/dhananjaypuri/terrform-repo1",
            "http_clone_url": "https://github.com/dhananjaypuri/terrform-repo1.git",
            "id": "terrform-repo1",
            "ignore_vulnerability_alerts_during_read": null,
            "is_template": false,
            "license_template": null,
            "merge_commit_message": "PR_TITLE",
            "merge_commit_title": "MERGE_MESSAGE",
            "name": "terrform-repo1",
            "node_id": "R_kgDOJijXvQ",
            "pages": [],
            "private": false,
            "repo_id": 640210877,
            "security_and_analysis": [
              {
                "advanced_security": [],
                "secret_scanning": [
                  {
                    "status": "disabled"
                  }
                ],
                "secret_scanning_push_protection": [
                  {
                    "status": "disabled"
                  }
                ]
              }
            ],
            "squash_merge_commit_message": "COMMIT_MESSAGES",
            "squash_merge_commit_title": "COMMIT_OR_PR_TITLE",
            "ssh_clone_url": "git@github.com:dhananjaypuri/terrform-repo1.git",
            "svn_url": "https://github.com/dhananjaypuri/terrform-repo1",
            "template": [],
            "topics": null,
            "visibility": "public",
            "vulnerability_alerts": false
          },
          "sensitive_attributes": [],
          "private": "eyJzY2hlbWFfdmVyc2lvbiI6IjEifQ=="
        }
      ]
    },
    {
      "mode": "managed",
      "type": "github_repository",
      "name": "gitrepo2",
      "provider": "provider[\"registry.terraform.io/hashicorp/github\"]",
      "instances": [
        {
          "schema_version": 1,
          "attributes": {
            "allow_auto_merge": false,
            "allow_merge_commit": true,
            "allow_rebase_merge": true,
            "allow_squash_merge": true,
            "allow_update_branch": false,
            "archive_on_destroy": null,
            "archived": false,
            "auto_init": true,
            "default_branch": "main",
            "delete_branch_on_merge": false,
            "description": "Repository created by terraform",
            "etag": "W/\"09eb25afe136c04c1ed91f3a993ac7cac844d56f78b2020472e1b758f0e7c132\"",
            "full_name": "dhananjaypuri/terrform-repo2",
            "git_clone_url": "git://github.com/dhananjaypuri/terrform-repo2.git",
            "gitignore_template": null,
            "has_discussions": false,
            "has_downloads": false,
            "has_issues": false,
            "has_projects": false,
            "has_wiki": false,
            "homepage_url": "",
            "html_url": "https://github.com/dhananjaypuri/terrform-repo2",
            "http_clone_url": "https://github.com/dhananjaypuri/terrform-repo2.git",
            "id": "terrform-repo2",
            "ignore_vulnerability_alerts_during_read": null,
            "is_template": false,
            "license_template": null,
            "merge_commit_message": "PR_TITLE",
            "merge_commit_title": "MERGE_MESSAGE",
            "name": "terrform-repo2",
            "node_id": "R_kgDOJijXyw",
            "pages": [],
            "private": false,
            "repo_id": 640210891,
            "security_and_analysis": [
              {
                "advanced_security": [],
                "secret_scanning": [
                  {
                    "status": "disabled"
                  }
                ],
                "secret_scanning_push_protection": [
                  {
                    "status": "disabled"
                  }
                ]
              }
            ],
            "squash_merge_commit_message": "COMMIT_MESSAGES",
            "squash_merge_commit_title": "COMMIT_OR_PR_TITLE",
            "ssh_clone_url": "git@github.com:dhananjaypuri/terrform-repo2.git",
            "svn_url": "https://github.com/dhananjaypuri/terrform-repo2",
            "template": [],
            "topics": null,
            "visibility": "public",
            "vulnerability_alerts": false
          },
          "sensitive_attributes": [],
          "private": "eyJzY2hlbWFfdmVyc2lvbiI6IjEifQ=="
        }
      ]
    }
  ],
  "check_results": null
}
